
Microsoft Visual Studio Solution File, Format Version 12.00
# Visual Studio Version 17
VisualStudioVersion = 17.7.34024.191
MinimumVisualStudioVersion = 10.0.40219.1
Project("{FAE04EC0-301F-11D3-BF4B-00C04F79EFBC}") = "Trendyol-Api", "Trendyol-Api\Trendyol-Api.csproj", "{99AE0D1F-9210-4A4E-85B8-20155D557FFC}"
EndProject
Global
	GlobalSection(SolutionConfigurationPlatforms) = preSolution
		Debug|Any CPU = Debug|Any CPU
		Release|Any CPU = Release|Any CPU
	EndGlobalSection
	GlobalSection(ProjectConfigurationPlatforms) = postSolution
		{99AE0D1F-9210-4A4E-85B8-20155D557FFC}.Debug|Any CPU.ActiveCfg = Debug|Any CPU
		{99AE0D1F-9210-4A4E-85B8-20155D557FFC}.Debug|Any CPU.Build.0 = Debug|Any CPU
		{99AE0D1F-9210-4A4E-85B8-20155D557FFC}.Release|Any CPU.ActiveCfg = Release|Any CPU
		{99AE0D1F-9210-4A4E-85B8-20155D557FFC}.Release|Any CPU.Build.0 = Release|Any CPU
	EndGlobalSection
	GlobalSection(SolutionProperties) = preSolution
		HideSolutionNode = FALSE
	EndGlobalSection
	GlobalSection(ExtensibilityGlobals) = postSolution
		SolutionGuid = {68565079-19AC-48D3-B641-979C8212D195}
	EndGlobalSection
EndGlobal
